
Microsoft Visual Studio Solution File, Format Version 12.00
# Visual Studio Version 17
VisualStudioVersion = 17.12.35527.113
MinimumVisualStudioVersion = 10.0.40219.1
Project("{2150E333-8FDC-42A3-9474-1A3956D46DE8}") = "src", "src", "{65E9438D-2538-49B3-B049-4922DB15A03D}"
EndProject
Project("{2150E333-8FDC-42A3-9474-1A3956D46DE8}") = "Core", "Core", "{556679F3-9098-41C4-A156-ACA6BCDB6866}"
EndProject
Project("{2150E333-8FDC-42A3-9474-1A3956D46DE8}") = "External", "External", "{F50E9FF8-C617-4BD7-A721-9F2777CE26B1}"
EndProject
Project("{FAE04EC0-301F-11D3-BF4B-00C04F79EFBC}") = "CleanArch.StarterKit.Application", "src\Core\CleanArch.StarterKit.Application\CleanArch.StarterKit.Application.csproj", "{0EC090A2-7227-4F9B-992A-1F7E36A57F14}"
EndProject
Project("{FAE04EC0-301F-11D3-BF4B-00C04F79EFBC}") = "CleanArch.StarterKit.Domain", "src\Core\CleanArch.StarterKit.Domain\CleanArch.StarterKit.Domain.csproj", "{E538B898-797D-48C9-B256-9FEEFD9F67F0}"
EndProject
Project("{FAE04EC0-301F-11D3-BF4B-00C04F79EFBC}") = "CleanArch.StarterKit.Infrastructure", "src\External\CleanArch.StarterKit.Infrastructure\CleanArch.StarterKit.Infrastructure.csproj", "{EA10DF7B-4BB1-40CD-BA5E-A0ACE93D7368}"
EndProject
Project("{FAE04EC0-301F-11D3-BF4B-00C04F79EFBC}") = "CleanArch.StarterKit.Persistance", "src\External\CleanArch.StarterKit.Persistance\CleanArch.StarterKit.Persistance.csproj", "{F7364E4C-65E9-418D-A944-55D893D65527}"
EndProject
Project("{FAE04EC0-301F-11D3-BF4B-00C04F79EFBC}") = "CleanArch.StarterKit.Presentation", "src\External\CleanArch.StarterKit.Presentation\CleanArch.StarterKit.Presentation.csproj", "{D3EED5A0-69E0-4058-82AE-C88725C23E49}"
EndProject
Project("{FAE04EC0-301F-11D3-BF4B-00C04F79EFBC}") = "CleanArch.StarterKit.WebApi", "src\CleanArch.StarterKit.WebApi\CleanArch.StarterKit.WebApi.csproj", "{8D66E84E-E6AE-4BEE-8670-2E5C7E783E01}"
EndProject
Project("{2150E333-8FDC-42A3-9474-1A3956D46DE8}") = "test", "test", "{5A993314-5554-4287-B16C-F887D1AB8E55}"
EndProject
Project("{FAE04EC0-301F-11D3-BF4B-00C04F79EFBC}") = "CleanArch.StarterKit.UnitTest", "test\CleanArch.StarterKit.UnitTest\CleanArch.StarterKit.UnitTest.csproj", "{D68EDE75-508B-44DD-813A-4D4EF47896B7}"
EndProject
Global
	GlobalSection(SolutionConfigurationPlatforms) = preSolution
		Debug|Any CPU = Debug|Any CPU
		Release|Any CPU = Release|Any CPU
	EndGlobalSection
	GlobalSection(ProjectConfigurationPlatforms) = postSolution
		{0EC090A2-7227-4F9B-992A-1F7E36A57F14}.Debug|Any CPU.ActiveCfg = Debug|Any CPU
		{0EC090A2-7227-4F9B-992A-1F7E36A57F14}.Debug|Any CPU.Build.0 = Debug|Any CPU
		{0EC090A2-7227-4F9B-992A-1F7E36A57F14}.Release|Any CPU.ActiveCfg = Release|Any CPU
		{0EC090A2-7227-4F9B-992A-1F7E36A57F14}.Release|Any CPU.Build.0 = Release|Any CPU
		{E538B898-797D-48C9-B256-9FEEFD9F67F0}.Debug|Any CPU.ActiveCfg = Debug|Any CPU
		{E538B898-797D-48C9-B256-9FEEFD9F67F0}.Debug|Any CPU.Build.0 = Debug|Any CPU
		{E538B898-797D-48C9-B256-9FEEFD9F67F0}.Release|Any CPU.ActiveCfg = Release|Any CPU
		{E538B898-797D-48C9-B256-9FEEFD9F67F0}.Release|Any CPU.Build.0 = Release|Any CPU
		{EA10DF7B-4BB1-40CD-BA5E-A0ACE93D7368}.Debug|Any CPU.ActiveCfg = Debug|Any CPU
		{EA10DF7B-4BB1-40CD-BA5E-A0ACE93D7368}.Debug|Any CPU.Build.0 = Debug|Any CPU
		{EA10DF7B-4BB1-40CD-BA5E-A0ACE93D7368}.Release|Any CPU.ActiveCfg = Release|Any CPU
		{EA10DF7B-4BB1-40CD-BA5E-A0ACE93D7368}.Release|Any CPU.Build.0 = Release|Any CPU
		{F7364E4C-65E9-418D-A944-55D893D65527}.Debug|Any CPU.ActiveCfg = Debug|Any CPU
		{F7364E4C-65E9-418D-A944-55D893D65527}.Debug|Any CPU.Build.0 = Debug|Any CPU
		{F7364E4C-65E9-418D-A944-55D893D65527}.Release|Any CPU.ActiveCfg = Release|Any CPU
		{F7364E4C-65E9-418D-A944-55D893D65527}.Release|Any CPU.Build.0 = Release|Any CPU
		{D3EED5A0-69E0-4058-82AE-C88725C23E49}.Debug|Any CPU.ActiveCfg = Debug|Any CPU
		{D3EED5A0-69E0-4058-82AE-C88725C23E49}.Debug|Any CPU.Build.0 = Debug|Any CPU
		{D3EED5A0-69E0-4058-82AE-C88725C23E49}.Release|Any CPU.ActiveCfg = Release|Any CPU
		{D3EED5A0-69E0-4058-82AE-C88725C23E49}.Release|Any CPU.Build.0 = Release|Any CPU
		{8D66E84E-E6AE-4BEE-8670-2E5C7E783E01}.Debug|Any CPU.ActiveCfg = Debug|Any CPU
		{8D66E84E-E6AE-4BEE-8670-2E5C7E783E01}.Debug|Any CPU.Build.0 = Debug|Any CPU
		{8D66E84E-E6AE-4BEE-8670-2E5C7E783E01}.Release|Any CPU.ActiveCfg = Release|Any CPU
		{8D66E84E-E6AE-4BEE-8670-2E5C7E783E01}.Release|Any CPU.Build.0 = Release|Any CPU
		{D68EDE75-508B-44DD-813A-4D4EF47896B7}.Debug|Any CPU.ActiveCfg = Debug|Any CPU
		{D68EDE75-508B-44DD-813A-4D4EF47896B7}.Debug|Any CPU.Build.0 = Debug|Any CPU
		{D68EDE75-508B-44DD-813A-4D4EF47896B7}.Release|Any CPU.ActiveCfg = Release|Any CPU
		{D68EDE75-508B-44DD-813A-4D4EF47896B7}.Release|Any CPU.Build.0 = Release|Any CPU
	EndGlobalSection
	GlobalSection(SolutionProperties) = preSolution
		HideSolutionNode = FALSE
	EndGlobalSection
	GlobalSection(NestedProjects) = preSolution
		{556679F3-9098-41C4-A156-ACA6BCDB6866} = {65E9438D-2538-49B3-B049-4922DB15A03D}
		{F50E9FF8-C617-4BD7-A721-9F2777CE26B1} = {65E9438D-2538-49B3-B049-4922DB15A03D}
		{0EC090A2-7227-4F9B-992A-1F7E36A57F14} = {556679F3-9098-41C4-A156-ACA6BCDB6866}
		{E538B898-797D-48C9-B256-9FEEFD9F67F0} = {556679F3-9098-41C4-A156-ACA6BCDB6866}
		{EA10DF7B-4BB1-40CD-BA5E-A0ACE93D7368} = {F50E9FF8-C617-4BD7-A721-9F2777CE26B1}
		{F7364E4C-65E9-418D-A944-55D893D65527} = {F50E9FF8-C617-4BD7-A721-9F2777CE26B1}
		{D3EED5A0-69E0-4058-82AE-C88725C23E49} = {F50E9FF8-C617-4BD7-A721-9F2777CE26B1}
		{8D66E84E-E6AE-4BEE-8670-2E5C7E783E01} = {65E9438D-2538-49B3-B049-4922DB15A03D}
		{D68EDE75-508B-44DD-813A-4D4EF47896B7} = {5A993314-5554-4287-B16C-F887D1AB8E55}
	EndGlobalSection
EndGlobal
